
Microsoft Visual Studio Solution File, Format Version 12.00
# Visual Studio Version 16
VisualStudioVersion = 16.0.31025.194
MinimumVisualStudioVersion = 10.0.40219.1
Project("{FAE04EC0-301F-11D3-BF4B-00C04F79EFBC}") = "PPayment.API", "PPayment.API\PPayment.API.csproj", "{506885C0-15B3-4147-BE9F-E9354A6D00C7}"
EndProject
Global
	GlobalSection(SolutionConfigurationPlatforms) = preSolution
		Debug|Any CPU = Debug|Any CPU
		Release|Any CPU = Release|Any CPU
	EndGlobalSection
	GlobalSection(ProjectConfigurationPlatforms) = postSolution
		{506885C0-15B3-4147-BE9F-E9354A6D00C7}.Debug|Any CPU.ActiveCfg = Debug|Any CPU
		{506885C0-15B3-4147-BE9F-E9354A6D00C7}.Debug|Any CPU.Build.0 = Debug|Any CPU
		{506885C0-15B3-4147-BE9F-E9354A6D00C7}.Release|Any CPU.ActiveCfg = Release|Any CPU
		{506885C0-15B3-4147-BE9F-E9354A6D00C7}.Release|Any CPU.Build.0 = Release|Any CPU
	EndGlobalSection
	GlobalSection(SolutionProperties) = preSolution
		HideSolutionNode = FALSE
	EndGlobalSection
	GlobalSection(ExtensibilityGlobals) = postSolution
		SolutionGuid = {20E8F772-076B-45E7-864D-E1EF1F8267CC}
	EndGlobalSection
EndGlobal
