
Microsoft Visual Studio Solution File, Format Version 12.00
# Visual Studio Version 16
VisualStudioVersion = 16.0.31025.194
MinimumVisualStudioVersion = 10.0.40219.1
Project("{9A19103F-16F7-4668-BE54-9A1E7A4F7556}") = "PPayment.API", "PPayment.API\PPayment.API.csproj", "{506885C0-15B3-4147-BE9F-E9354A6D00C7}"
EndProject
Project("{FAE04EC0-301F-11D3-BF4B-00C04F79EFBC}") = "PPayment.Domain", "PPayment.Domain\PPayment.Domain.csproj", "{2FA51B61-74F0-489D-905D-ADA0A6A97614}"
EndProject
Project("{FAE04EC0-301F-11D3-BF4B-00C04F79EFBC}") = "PPayment.Infrastructure", "PPayment.Infrastructure\PPayment.Infrastructure.csproj", "{BD99BDA3-724E-482C-A3BB-5D1030C50EBF}"
EndProject
Global
	GlobalSection(SolutionConfigurationPlatforms) = preSolution
		Debug|Any CPU = Debug|Any CPU
		Release|Any CPU = Release|Any CPU
	EndGlobalSection
	GlobalSection(ProjectConfigurationPlatforms) = postSolution
		{506885C0-15B3-4147-BE9F-E9354A6D00C7}.Debug|Any CPU.ActiveCfg = Debug|Any CPU
		{506885C0-15B3-4147-BE9F-E9354A6D00C7}.Debug|Any CPU.Build.0 = Debug|Any CPU
		{506885C0-15B3-4147-BE9F-E9354A6D00C7}.Release|Any CPU.ActiveCfg = Release|Any CPU
		{506885C0-15B3-4147-BE9F-E9354A6D00C7}.Release|Any CPU.Build.0 = Release|Any CPU
		{2FA51B61-74F0-489D-905D-ADA0A6A97614}.Debug|Any CPU.ActiveCfg = Debug|Any CPU
		{2FA51B61-74F0-489D-905D-ADA0A6A97614}.Debug|Any CPU.Build.0 = Debug|Any CPU
		{2FA51B61-74F0-489D-905D-ADA0A6A97614}.Release|Any CPU.ActiveCfg = Release|Any CPU
		{2FA51B61-74F0-489D-905D-ADA0A6A97614}.Release|Any CPU.Build.0 = Release|Any CPU
		{BD99BDA3-724E-482C-A3BB-5D1030C50EBF}.Debug|Any CPU.ActiveCfg = Debug|Any CPU
		{BD99BDA3-724E-482C-A3BB-5D1030C50EBF}.Debug|Any CPU.Build.0 = Debug|Any CPU
		{BD99BDA3-724E-482C-A3BB-5D1030C50EBF}.Release|Any CPU.ActiveCfg = Release|Any CPU
		{BD99BDA3-724E-482C-A3BB-5D1030C50EBF}.Release|Any CPU.Build.0 = Release|Any CPU
	EndGlobalSection
	GlobalSection(SolutionProperties) = preSolution
		HideSolutionNode = FALSE
	EndGlobalSection
	GlobalSection(ExtensibilityGlobals) = postSolution
		SolutionGuid = {20E8F772-076B-45E7-864D-E1EF1F8267CC}
	EndGlobalSection
EndGlobal
